
Microsoft Visual Studio Solution File, Format Version 12.00
# Visual Studio Version 16
VisualStudioVersion = 16.0.29418.71
MinimumVisualStudioVersion = 10.0.40219.1
Project("{FAE04EC0-301F-11D3-BF4B-00C04F79EFBC}") = "CSAc4yObjectGetGuidCAP", "CSAc4yObjectGetGuidCAP\CSAc4yObjectGetGuidCAP.csproj", "{EEB92615-2A1B-471F-938F-917F7158673D}"
EndProject
Global
	GlobalSection(SolutionConfigurationPlatforms) = preSolution
		Debug|Any CPU = Debug|Any CPU
		Release|Any CPU = Release|Any CPU
	EndGlobalSection
	GlobalSection(ProjectConfigurationPlatforms) = postSolution
		{EEB92615-2A1B-471F-938F-917F7158673D}.Debug|Any CPU.ActiveCfg = Debug|Any CPU
		{EEB92615-2A1B-471F-938F-917F7158673D}.Debug|Any CPU.Build.0 = Debug|Any CPU
		{EEB92615-2A1B-471F-938F-917F7158673D}.Release|Any CPU.ActiveCfg = Release|Any CPU
		{EEB92615-2A1B-471F-938F-917F7158673D}.Release|Any CPU.Build.0 = Release|Any CPU
	EndGlobalSection
	GlobalSection(SolutionProperties) = preSolution
		HideSolutionNode = FALSE
	EndGlobalSection
	GlobalSection(ExtensibilityGlobals) = postSolution
		SolutionGuid = {B5F32D8F-C1A4-4DA7-8D26-588BF5ACF94F}
	EndGlobalSection
EndGlobal
